
Microsoft Visual Studio Solution File, Format Version 12.00
# Visual Studio Version 17
VisualStudioVersion = 17.7.34221.43
MinimumVisualStudioVersion = 10.0.40219.1
Project("{FAE04EC0-301F-11D3-BF4B-00C04F79EFBC}") = "MyBank", "MyBank.csproj", "{F517AC10-C38F-4B60-9918-6FAE54093D0A}"
EndProject
Global
	GlobalSection(SolutionConfigurationPlatforms) = preSolution
		Debug|Any CPU = Debug|Any CPU
		Release|Any CPU = Release|Any CPU
	EndGlobalSection
	GlobalSection(ProjectConfigurationPlatforms) = postSolution
		{F517AC10-C38F-4B60-9918-6FAE54093D0A}.Debug|Any CPU.ActiveCfg = Debug|Any CPU
		{F517AC10-C38F-4B60-9918-6FAE54093D0A}.Debug|Any CPU.Build.0 = Debug|Any CPU
		{F517AC10-C38F-4B60-9918-6FAE54093D0A}.Release|Any CPU.ActiveCfg = Release|Any CPU
		{F517AC10-C38F-4B60-9918-6FAE54093D0A}.Release|Any CPU.Build.0 = Release|Any CPU
	EndGlobalSection
	GlobalSection(SolutionProperties) = preSolution
		HideSolutionNode = FALSE
	EndGlobalSection
	GlobalSection(ExtensibilityGlobals) = postSolution
		SolutionGuid = {F022635E-D64B-4814-8CBB-15C880A93865}
	EndGlobalSection
EndGlobal
