
Microsoft Visual Studio Solution File, Format Version 12.00
# Visual Studio Version 17
VisualStudioVersion = 17.5.002.0
MinimumVisualStudioVersion = 10.0.40219.1
Project("{9A19103F-16F7-4668-BE54-9A1E7A4F7556}") = "EmailService", "EmailService.csproj", "{EFF1BD66-CAE6-440F-8DBA-7F0D26312559}"
EndProject
Global
	GlobalSection(SolutionConfigurationPlatforms) = preSolution
		Debug|Any CPU = Debug|Any CPU
		Release|Any CPU = Release|Any CPU
	EndGlobalSection
	GlobalSection(ProjectConfigurationPlatforms) = postSolution
		{EFF1BD66-CAE6-440F-8DBA-7F0D26312559}.Debug|Any CPU.ActiveCfg = Debug|Any CPU
		{EFF1BD66-CAE6-440F-8DBA-7F0D26312559}.Debug|Any CPU.Build.0 = Debug|Any CPU
		{EFF1BD66-CAE6-440F-8DBA-7F0D26312559}.Release|Any CPU.ActiveCfg = Release|Any CPU
		{EFF1BD66-CAE6-440F-8DBA-7F0D26312559}.Release|Any CPU.Build.0 = Release|Any CPU
	EndGlobalSection
	GlobalSection(SolutionProperties) = preSolution
		HideSolutionNode = FALSE
	EndGlobalSection
	GlobalSection(ExtensibilityGlobals) = postSolution
		SolutionGuid = {912951AE-5F1A-4EB1-AD6F-DDEAA481C943}
	EndGlobalSection
EndGlobal
